
Microsoft Visual Studio Solution File, Format Version 12.00
# Visual Studio Version 16
VisualStudioVersion = 16.0.31702.278
MinimumVisualStudioVersion = 10.0.40219.1
Project("{FAE04EC0-301F-11D3-BF4B-00C04F79EFBC}") = "WPFZAD1Correct", "WPFZAD1Correct\WPFZAD1Correct.csproj", "{9C0A2AA7-9FFE-4D51-88DC-783CC8E47038}"
EndProject
Global
	GlobalSection(SolutionConfigurationPlatforms) = preSolution
		Debug|Any CPU = Debug|Any CPU
		Release|Any CPU = Release|Any CPU
	EndGlobalSection
	GlobalSection(ProjectConfigurationPlatforms) = postSolution
		{9C0A2AA7-9FFE-4D51-88DC-783CC8E47038}.Debug|Any CPU.ActiveCfg = Debug|Any CPU
		{9C0A2AA7-9FFE-4D51-88DC-783CC8E47038}.Debug|Any CPU.Build.0 = Debug|Any CPU
		{9C0A2AA7-9FFE-4D51-88DC-783CC8E47038}.Release|Any CPU.ActiveCfg = Release|Any CPU
		{9C0A2AA7-9FFE-4D51-88DC-783CC8E47038}.Release|Any CPU.Build.0 = Release|Any CPU
	EndGlobalSection
	GlobalSection(SolutionProperties) = preSolution
		HideSolutionNode = FALSE
	EndGlobalSection
	GlobalSection(ExtensibilityGlobals) = postSolution
		SolutionGuid = {630594B1-7D0A-4C83-8CF9-96F76CC1F5A9}
	EndGlobalSection
EndGlobal
